
Microsoft Visual Studio Solution File, Format Version 12.00
Project("{FAE04EC0-301F-11D3-BF4B-00C04F79EFBC}") = "DAL", "DAL\DAL.csproj", "{E9F1E2EF-4AE0-4E78-BD6E-546F2F69909A}"
EndProject
Project("{FAE04EC0-301F-11D3-BF4B-00C04F79EFBC}") = "DAL.Tests", "DAL.Tests\DAL.Tests.csproj", "{63778931-7C8D-486A-9035-8E18EF10A94C}"
EndProject
Project("{FAE04EC0-301F-11D3-BF4B-00C04F79EFBC}") = "BLL", "BLL\BLL.csproj", "{989C2F97-AB71-4532-93D8-6D84D7ECAF9F}"
	ProjectSection(ProjectDependencies) = postProject
		{E9F1E2EF-4AE0-4E78-BD6E-546F2F69909A} = {E9F1E2EF-4AE0-4E78-BD6E-546F2F69909A}
	EndProjectSection
EndProject
Project("{FAE04EC0-301F-11D3-BF4B-00C04F79EFBC}") = "CCL", "CCL\CCL.csproj", "{02DFDA1C-B758-4A33-B623-FA8FC900510D}"
EndProject
Project("{FAE04EC0-301F-11D3-BF4B-00C04F79EFBC}") = "BLL.Tests", "BLL.Tests\BLL.Tests.csproj", "{F450AA67-7815-4848-9661-D25797D89E87}"
EndProject
Global
	GlobalSection(SolutionConfigurationPlatforms) = preSolution
		Debug|Any CPU = Debug|Any CPU
		Release|Any CPU = Release|Any CPU
	EndGlobalSection
	GlobalSection(ProjectConfigurationPlatforms) = postSolution
		{E9F1E2EF-4AE0-4E78-BD6E-546F2F69909A}.Debug|Any CPU.ActiveCfg = Debug|Any CPU
		{E9F1E2EF-4AE0-4E78-BD6E-546F2F69909A}.Debug|Any CPU.Build.0 = Debug|Any CPU
		{E9F1E2EF-4AE0-4E78-BD6E-546F2F69909A}.Release|Any CPU.ActiveCfg = Release|Any CPU
		{E9F1E2EF-4AE0-4E78-BD6E-546F2F69909A}.Release|Any CPU.Build.0 = Release|Any CPU
		{63778931-7C8D-486A-9035-8E18EF10A94C}.Debug|Any CPU.ActiveCfg = Debug|Any CPU
		{63778931-7C8D-486A-9035-8E18EF10A94C}.Debug|Any CPU.Build.0 = Debug|Any CPU
		{63778931-7C8D-486A-9035-8E18EF10A94C}.Release|Any CPU.ActiveCfg = Release|Any CPU
		{63778931-7C8D-486A-9035-8E18EF10A94C}.Release|Any CPU.Build.0 = Release|Any CPU
		{989C2F97-AB71-4532-93D8-6D84D7ECAF9F}.Debug|Any CPU.ActiveCfg = Debug|Any CPU
		{989C2F97-AB71-4532-93D8-6D84D7ECAF9F}.Debug|Any CPU.Build.0 = Debug|Any CPU
		{989C2F97-AB71-4532-93D8-6D84D7ECAF9F}.Release|Any CPU.ActiveCfg = Release|Any CPU
		{989C2F97-AB71-4532-93D8-6D84D7ECAF9F}.Release|Any CPU.Build.0 = Release|Any CPU
		{02DFDA1C-B758-4A33-B623-FA8FC900510D}.Debug|Any CPU.ActiveCfg = Debug|Any CPU
		{02DFDA1C-B758-4A33-B623-FA8FC900510D}.Debug|Any CPU.Build.0 = Debug|Any CPU
		{02DFDA1C-B758-4A33-B623-FA8FC900510D}.Release|Any CPU.ActiveCfg = Release|Any CPU
		{02DFDA1C-B758-4A33-B623-FA8FC900510D}.Release|Any CPU.Build.0 = Release|Any CPU
		{F450AA67-7815-4848-9661-D25797D89E87}.Debug|Any CPU.ActiveCfg = Debug|Any CPU
		{F450AA67-7815-4848-9661-D25797D89E87}.Debug|Any CPU.Build.0 = Debug|Any CPU
		{F450AA67-7815-4848-9661-D25797D89E87}.Release|Any CPU.ActiveCfg = Release|Any CPU
		{F450AA67-7815-4848-9661-D25797D89E87}.Release|Any CPU.Build.0 = Release|Any CPU
	EndGlobalSection
EndGlobal
